// !$*UTF8*$!
{
	archiveVersion = 1;
	classes = {
	};
	objectVersion = 46;
	objects = {

/* Begin PBXBuildFile section */
		1D1EA86116C6E59A0019B139 /* Default@2x.png in Resources */ = {isa = PBXBuildFile; fileRef = 1D1EA86016C6E59A0019B139 /* Default@2x.png */; };
		1D1EA86316C6E5A70019B139 /* Default.png in Resources */ = {isa = PBXBuildFile; fileRef = 1D1EA86216C6E5A70019B139 /* Default.png */; };
		1D3623260D0F684500981E51 /* PagingScrollViewAppDelegate.m in Sources */ = {isa = PBXBuildFile; fileRef = 1D3623250D0F684500981E51 /* PagingScrollViewAppDelegate.m */; };
		1D5DA93016B62504002FBF16 /* Default-568h@2x.png in Resources */ = {isa = PBXBuildFile; fileRef = 1D2E2B9816B613F1006F1863 /* Default-568h@2x.png */; };
		1D60589B0D05DD56006BFB54 /* main.m in Sources */ = {isa = PBXBuildFile; fileRef = 29B97316FDCFA39411CA2CEA /* main.m */; };
		1D60589F0D05DD5A006BFB54 /* Foundation.framework in Frameworks */ = {isa = PBXBuildFile; fileRef = 1D30AB110D05D00D00671497 /* Foundation.framework */; };
		1D92A76916B5E9B700F47D7D /* gallerybackground.png in Resources */ = {isa = PBXBuildFile; fileRef = 1D92A76816B5E9B700F47D7D /* gallerybackground.png */; };
		1D92A76D16B5F22600F47D7D /* ceramic.png in Resources */ = {isa = PBXBuildFile; fileRef = 1D92A76A16B5F22600F47D7D /* ceramic.png */; };
		1D92A76E16B5F22600F47D7D /* monet.png in Resources */ = {isa = PBXBuildFile; fileRef = 1D92A76B16B5F22600F47D7D /* monet.png */; };
		1D92A76F16B5F22600F47D7D /* skeleton.png in Resources */ = {isa = PBXBuildFile; fileRef = 1D92A76C16B5F22600F47D7D /* skeleton.png */; };
		1D92A77116B5F42800F47D7D /* harn logo.png in Resources */ = {isa = PBXBuildFile; fileRef = 1D92A77016B5F42800F47D7D /* harn logo.png */; };
		1D92A77316B5FAC100F47D7D /* blank frame.png in Resources */ = {isa = PBXBuildFile; fileRef = 1D92A77216B5FAC100F47D7D /* blank frame.png */; };
		1DA6A40B16CAF0EB0021267F /* JadeFilter.m in Sources */ = {isa = PBXBuildFile; fileRef = 1DA6A40A16CAF0EB0021267F /* JadeFilter.m */; };
		1DA6A40D16CAFBEE0021267F /* CoreImage.framework in Frameworks */ = {isa = PBXBuildFile; fileRef = 1DA6A40C16CAFBEE0021267F /* CoreImage.framework */; };
		1DC53B5916B60028003591CD /* menu.png in Resources */ = {isa = PBXBuildFile; fileRef = 1DC53B5816B60028003591CD /* menu.png */; };
		1DE88E5416CB140600B8804E /* MainStoryboard.storyboard in Resources */ = {isa = PBXBuildFile; fileRef = 1DE88E5316CB140600B8804E /* MainStoryboard.storyboard */; };
		1DF5F4E00D08C38300B7A737 /* UIKit.framework in Frameworks */ = {isa = PBXBuildFile; fileRef = 1DF5F4DF0D08C38300B7A737 /* UIKit.framework */; };
		288765FD0DF74451002DB57D /* CoreGraphics.framework in Frameworks */ = {isa = PBXBuildFile; fileRef = 288765FC0DF74451002DB57D /* CoreGraphics.framework */; };
		C9F783630F2AB7600029CA01 /* DataSource.m in Sources */ = {isa = PBXBuildFile; fileRef = C9F783620F2AB7600029CA01 /* DataSource.m */; };
		C9F783930F2ABA430029CA01 /* PageView.xib in Resources */ = {isa = PBXBuildFile; fileRef = C9F783920F2ABA430029CA01 /* PageView.xib */; };
		C9F783A20F2ABAE40029CA01 /* PagingScrollViewController.m in Sources */ = {isa = PBXBuildFile; fileRef = C9F783A10F2ABAE40029CA01 /* PagingScrollViewController.m */; };
		C9F783A50F2ABAF10029CA01 /* PageViewController.m in Sources */ = {isa = PBXBuildFile; fileRef = C9F783A40F2ABAF10029CA01 /* PageViewController.m */; };
/* End PBXBuildFile section */

/* Begin PBXFileReference section */
		1D1EA86016C6E59A0019B139 /* Default@2x.png */ = {isa = PBXFileReference; lastKnownFileType = image.png; path = "Default@2x.png"; sourceTree = "<group>"; };
		1D1EA86216C6E5A70019B139 /* Default.png */ = {isa = PBXFileReference; lastKnownFileType = image.png; path = Default.png; sourceTree = "<group>"; };
		1D2E2B9816B613F1006F1863 /* Default-568h@2x.png */ = {isa = PBXFileReference; lastKnownFileType = image.png; path = "Default-568h@2x.png"; sourceTree = "<group>"; };
		1D30AB110D05D00D00671497 /* Foundation.framework */ = {isa = PBXFileReference; lastKnownFileType = wrapper.framework; name = Foundation.framework; path = System/Library/Frameworks/Foundation.framework; sourceTree = SDKROOT; };
		1D3623240D0F684500981E51 /* PagingScrollViewAppDelegate.h */ = {isa = PBXFileReference; fileEncoding = 4; lastKnownFileType = sourcecode.c.h; path = PagingScrollViewAppDelegate.h; sourceTree = "<group>"; };
		1D3623250D0F684500981E51 /* PagingScrollViewAppDelegate.m */ = {isa = PBXFileReference; fileEncoding = 4; lastKnownFileType = sourcecode.c.objc; path = PagingScrollViewAppDelegate.m; sourceTree = "<group>"; };
		1D6058910D05DD3D006BFB54 /* HARN.app */ = {isa = PBXFileReference; explicitFileType = wrapper.application; includeInIndex = 0; path = HARN.app; sourceTree = BUILT_PRODUCTS_DIR; };
		1D92A76816B5E9B700F47D7D /* gallerybackground.png */ = {isa = PBXFileReference; lastKnownFileType = image.png; path = gallerybackground.png; sourceTree = "<group>"; };
		1D92A76A16B5F22600F47D7D /* ceramic.png */ = {isa = PBXFileReference; lastKnownFileType = image.png; path = ceramic.png; sourceTree = "<group>"; };
		1D92A76B16B5F22600F47D7D /* monet.png */ = {isa = PBXFileReference; lastKnownFileType = image.png; path = monet.png; sourceTree = "<group>"; };
		1D92A76C16B5F22600F47D7D /* skeleton.png */ = {isa = PBXFileReference; lastKnownFileType = image.png; path = skeleton.png; sourceTree = "<group>"; };
		1D92A77016B5F42800F47D7D /* harn logo.png */ = {isa = PBXFileReference; lastKnownFileType = image.png; path = "harn logo.png"; sourceTree = "<group>"; };
		1D92A77216B5FAC100F47D7D /* blank frame.png */ = {isa = PBXFileReference; lastKnownFileType = image.png; path = "blank frame.png"; sourceTree = "<group>"; };
		1DA6A40916CAF0EB0021267F /* JadeFilter.h */ = {isa = PBXFileReference; fileEncoding = 4; lastKnownFileType = sourcecode.c.h; path = JadeFilter.h; sourceTree = "<group>"; };
		1DA6A40A16CAF0EB0021267F /* JadeFilter.m */ = {isa = PBXFileReference; fileEncoding = 4; lastKnownFileType = sourcecode.c.objc; path = JadeFilter.m; sourceTree = "<group>"; };
		1DA6A40C16CAFBEE0021267F /* CoreImage.framework */ = {isa = PBXFileReference; lastKnownFileType = wrapper.framework; name = CoreImage.framework; path = System/Library/Frameworks/CoreImage.framework; sourceTree = SDKROOT; };
		1DC53B5816B60028003591CD /* menu.png */ = {isa = PBXFileReference; lastKnownFileType = image.png; path = menu.png; sourceTree = "<group>"; };
		1DE88E5316CB140600B8804E /* MainStoryboard.storyboard */ = {isa = PBXFileReference; fileEncoding = 4; lastKnownFileType = file.storyboard; path = MainStoryboard.storyboard; sourceTree = "<group>"; };
		1DF5F4DF0D08C38300B7A737 /* UIKit.framework */ = {isa = PBXFileReference; lastKnownFileType = wrapper.framework; name = UIKit.framework; path = System/Library/Frameworks/UIKit.framework; sourceTree = SDKROOT; };
		288765FC0DF74451002DB57D /* CoreGraphics.framework */ = {isa = PBXFileReference; lastKnownFileType = wrapper.framework; name = CoreGraphics.framework; path = System/Library/Frameworks/CoreGraphics.framework; sourceTree = SDKROOT; };
		29B97316FDCFA39411CA2CEA /* main.m */ = {isa = PBXFileReference; fileEncoding = 4; lastKnownFileType = sourcecode.c.objc; path = main.m; sourceTree = "<group>"; };
		32CA4F630368D1EE00C91783 /* HARN_Prefix.pch */ = {isa = PBXFileReference; fileEncoding = 4; lastKnownFileType = sourcecode.c.h; path = HARN_Prefix.pch; sourceTree = "<group>"; };
		8D1107310486CEB800E47090 /* Info.plist */ = {isa = PBXFileReference; fileEncoding = 4; lastKnownFileType = text.plist.xml; path = Info.plist; sourceTree = "<group>"; };
		C9F783610F2AB7600029CA01 /* DataSource.h */ = {isa = PBXFileReference; fileEncoding = 4; lastKnownFileType = sourcecode.c.h; path = DataSource.h; sourceTree = "<group>"; };
		C9F783620F2AB7600029CA01 /* DataSource.m */ = {isa = PBXFileReference; fileEncoding = 4; lastKnownFileType = sourcecode.c.objc; path = DataSource.m; sourceTree = "<group>"; };
		C9F7838F0F2AB8020029CA01 /* SynthesizeSingleton.h */ = {isa = PBXFileReference; fileEncoding = 4; lastKnownFileType = sourcecode.c.h; path = SynthesizeSingleton.h; sourceTree = "<group>"; };
		C9F783920F2ABA430029CA01 /* PageView.xib */ = {isa = PBXFileReference; lastKnownFileType = file.xib; path = PageView.xib; sourceTree = "<group>"; };
		C9F783A00F2ABAE40029CA01 /* PagingScrollViewController.h */ = {isa = PBXFileReference; fileEncoding = 4; lastKnownFileType = sourcecode.c.h; path = PagingScrollViewController.h; sourceTree = "<group>"; };
		C9F783A10F2ABAE40029CA01 /* PagingScrollViewController.m */ = {isa = PBXFileReference; fileEncoding = 4; lastKnownFileType = sourcecode.c.objc; path = PagingScrollViewController.m; sourceTree = "<group>"; };
		C9F783A30F2ABAF10029CA01 /* PageViewController.h */ = {isa = PBXFileReference; fileEncoding = 4; lastKnownFileType = sourcecode.c.h; path = PageViewController.h; sourceTree = "<group>"; };
		C9F783A40F2ABAF10029CA01 /* PageViewController.m */ = {isa = PBXFileReference; fileEncoding = 4; lastKnownFileType = sourcecode.c.objc; path = PageViewController.m; sourceTree = "<group>"; };
/* End PBXFileReference section */

/* Begin PBXFrameworksBuildPhase section */
		1D60588F0D05DD3D006BFB54 /* Frameworks */ = {
			isa = PBXFrameworksBuildPhase;
			buildActionMask = 2147483647;
			files = (
				1DA6A40D16CAFBEE0021267F /* CoreImage.framework in Frameworks */,
				1D60589F0D05DD5A006BFB54 /* Foundation.framework in Frameworks */,
				1DF5F4E00D08C38300B7A737 /* UIKit.framework in Frameworks */,
				288765FD0DF74451002DB57D /* CoreGraphics.framework in Frameworks */,
			);
			runOnlyForDeploymentPostprocessing = 0;
		};
/* End PBXFrameworksBuildPhase section */

/* Begin PBXGroup section */
		080E96DDFE201D6D7F000001 /* Classes */ = {
			isa = PBXGroup;
			children = (
				1D3623240D0F684500981E51 /* PagingScrollViewAppDelegate.h */,
				1D3623250D0F684500981E51 /* PagingScrollViewAppDelegate.m */,
				C9F783610F2AB7600029CA01 /* DataSource.h */,
				C9F783620F2AB7600029CA01 /* DataSource.m */,
				C9F783A00F2ABAE40029CA01 /* PagingScrollViewController.h */,
				C9F783A10F2ABAE40029CA01 /* PagingScrollViewController.m */,
				C9F783A30F2ABAF10029CA01 /* PageViewController.h */,
				C9F783A40F2ABAF10029CA01 /* PageViewController.m */,
				1DA6A40916CAF0EB0021267F /* JadeFilter.h */,
				1DA6A40A16CAF0EB0021267F /* JadeFilter.m */,
			);
			path = Classes;
			sourceTree = "<group>";
		};
		19C28FACFE9D520D11CA2CBB /* Products */ = {
			isa = PBXGroup;
			children = (
				1D6058910D05DD3D006BFB54 /* HARN.app */,
			);
			name = Products;
			sourceTree = "<group>";
		};
		29B97314FDCFA39411CA2CEA /* CustomTemplate */ = {
			isa = PBXGroup;
			children = (
				1D1EA86216C6E5A70019B139 /* Default.png */,
				1D1EA86016C6E59A0019B139 /* Default@2x.png */,
				1D2E2B9816B613F1006F1863 /* Default-568h@2x.png */,
				080E96DDFE201D6D7F000001 /* Classes */,
				29B97315FDCFA39411CA2CEA /* Other Sources */,
				29B97317FDCFA39411CA2CEA /* Resources */,
				29B97323FDCFA39411CA2CEA /* Frameworks */,
				19C28FACFE9D520D11CA2CBB /* Products */,
			);
			name = CustomTemplate;
			sourceTree = "<group>";
		};
		29B97315FDCFA39411CA2CEA /* Other Sources */ = {
			isa = PBXGroup;
			children = (
				C9F7838F0F2AB8020029CA01 /* SynthesizeSingleton.h */,
				32CA4F630368D1EE00C91783 /* HARN_Prefix.pch */,
				29B97316FDCFA39411CA2CEA /* main.m */,
				1DE88E5316CB140600B8804E /* MainStoryboard.storyboard */,
			);
			name = "Other Sources";
			sourceTree = "<group>";
		};
		29B97317FDCFA39411CA2CEA /* Resources */ = {
			isa = PBXGroup;
			children = (
				1DC53B5816B60028003591CD /* menu.png */,
				1D92A77216B5FAC100F47D7D /* blank frame.png */,
				1D92A77016B5F42800F47D7D /* harn logo.png */,
				1D92A76A16B5F22600F47D7D /* ceramic.png */,
				1D92A76B16B5F22600F47D7D /* monet.png */,
				1D92A76C16B5F22600F47D7D /* skeleton.png */,
				1D92A76816B5E9B700F47D7D /* gallerybackground.png */,
				C9F783920F2ABA430029CA01 /* PageView.xib */,
				8D1107310486CEB800E47090 /* Info.plist */,
			);
			name = Resources;
			sourceTree = "<group>";
		};
		29B97323FDCFA39411CA2CEA /* Frameworks */ = {
			isa = PBXGroup;
			children = (
				1DA6A40C16CAFBEE0021267F /* CoreImage.framework */,
				1DF5F4DF0D08C38300B7A737 /* UIKit.framework */,
				1D30AB110D05D00D00671497 /* Foundation.framework */,
				288765FC0DF74451002DB57D /* CoreGraphics.framework */,
			);
			name = Frameworks;
			sourceTree = "<group>";
		};
/* End PBXGroup section */

/* Begin PBXNativeTarget section */
		1D6058900D05DD3D006BFB54 /* HARN */ = {
			isa = PBXNativeTarget;
			buildConfigurationList = 1D6058960D05DD3E006BFB54 /* Build configuration list for PBXNativeTarget "HARN" */;
			buildPhases = (
				1D60588D0D05DD3D006BFB54 /* Resources */,
				1D60588E0D05DD3D006BFB54 /* Sources */,
				1D60588F0D05DD3D006BFB54 /* Frameworks */,
			);
			buildRules = (
			);
			dependencies = (
			);
			name = HARN;
			productName = PagingScrollView;
			productReference = 1D6058910D05DD3D006BFB54 /* HARN.app */;
			productType = "com.apple.product-type.application";
		};
/* End PBXNativeTarget section */

/* Begin PBXProject section */
		29B97313FDCFA39411CA2CEA /* Project object */ = {
			isa = PBXProject;
			attributes = {
				LastUpgradeCheck = 0460;
			};
			buildConfigurationList = C01FCF4E08A954540054247B /* Build configuration list for PBXProject "HARN" */;
			compatibilityVersion = "Xcode 3.2";
			developmentRegion = English;
			hasScannedForEncodings = 1;
			knownRegions = (
				en,
			);
			mainGroup = 29B97314FDCFA39411CA2CEA /* CustomTemplate */;
			projectDirPath = "";
			projectRoot = "";
			targets = (
				1D6058900D05DD3D006BFB54 /* HARN */,
			);
		};
/* End PBXProject section */

/* Begin PBXResourcesBuildPhase section */
		1D60588D0D05DD3D006BFB54 /* Resources */ = {
			isa = PBXResourcesBuildPhase;
			buildActionMask = 2147483647;
			files = (
				C9F783930F2ABA430029CA01 /* PageView.xib in Resources */,
				1D92A76916B5E9B700F47D7D /* gallerybackground.png in Resources */,
				1D92A76D16B5F22600F47D7D /* ceramic.png in Resources */,
				1D92A76E16B5F22600F47D7D /* monet.png in Resources */,
				1D92A76F16B5F22600F47D7D /* skeleton.png in Resources */,
				1D92A77116B5F42800F47D7D /* harn logo.png in Resources */,
				1D92A77316B5FAC100F47D7D /* blank frame.png in Resources */,
				1DC53B5916B60028003591CD /* menu.png in Resources */,
				1D5DA93016B62504002FBF16 /* Default-568h@2x.png in Resources */,
				1D1EA86116C6E59A0019B139 /* Default@2x.png in Resources */,
				1D1EA86316C6E5A70019B139 /* Default.png in Resources */,
				1DE88E5416CB140600B8804E /* MainStoryboard.storyboard in Resources */,
			);
			runOnlyForDeploymentPostprocessing = 0;
		};
/* End PBXResourcesBuildPhase section */

/* Begin PBXSourcesBuildPhase section */
		1D60588E0D05DD3D006BFB54 /* Sources */ = {
			isa = PBXSourcesBuildPhase;
			buildActionMask = 2147483647;
			files = (
				1D60589B0D05DD56006BFB54 /* main.m in Sources */,
				1D3623260D0F684500981E51 /* PagingScrollViewAppDelegate.m in Sources */,
				C9F783630F2AB7600029CA01 /* DataSource.m in Sources */,
				C9F783A20F2ABAE40029CA01 /* PagingScrollViewController.m in Sources */,
				C9F783A50F2ABAF10029CA01 /* PageViewController.m in Sources */,
				1DA6A40B16CAF0EB0021267F /* JadeFilter.m in Sources */,
			);
			runOnlyForDeploymentPostprocessing = 0;
		};
/* End PBXSourcesBuildPhase section */

/* Begin XCBuildConfiguration section */
		1D6058940D05DD3E006BFB54 /* Debug */ = {
			isa = XCBuildConfiguration;
			buildSettings = {
				ALWAYS_SEARCH_USER_PATHS = NO;
				CLANG_ENABLE_OBJC_ARC = YES;
				COPY_PHASE_STRIP = NO;
				GCC_DYNAMIC_NO_PIC = NO;
				GCC_OPTIMIZATION_LEVEL = 0;
				GCC_PRECOMPILE_PREFIX_HEADER = YES;
				GCC_PREFIX_HEADER = HARN_Prefix.pch;
				INFOPLIST_FILE = Info.plist;
				PRODUCT_NAME = HARN;
				SDKROOT = iphoneos;
			};
			name = Debug;
		};
		1D6058950D05DD3E006BFB54 /* Release */ = {
			isa = XCBuildConfiguration;
			buildSettings = {
				ALWAYS_SEARCH_USER_PATHS = NO;
				CLANG_ENABLE_OBJC_ARC = YES;
				COPY_PHASE_STRIP = YES;
				GCC_PRECOMPILE_PREFIX_HEADER = YES;
				GCC_PREFIX_HEADER = HARN_Prefix.pch;
				INFOPLIST_FILE = Info.plist;
				PRODUCT_NAME = HARN;
				SDKROOT = iphoneos;
			};
			name = Release;
		};
		C01FCF4F08A954540054247B /* Debug */ = {
			isa = XCBuildConfiguration;
			buildSettings = {
				ARCHS = "$(ARCHS_STANDARD_32_BIT)";
				"CODE_SIGN_IDENTITY[sdk=iphoneos*]" = "iPhone Developer";
				GCC_C_LANGUAGE_STANDARD = c99;
				GCC_WARN_ABOUT_RETURN_TYPE = YES;
				GCC_WARN_UNUSED_VARIABLE = YES;
				IPHONEOS_DEPLOYMENT_TARGET = 5.0;
				ONLY_ACTIVE_ARCH = YES;
				SDKROOT = iphoneos;
			};
			name = Debug;
		};
		C01FCF5008A954540054247B /* Release */ = {
			isa = XCBuildConfiguration;
			buildSettings = {
				ARCHS = "$(ARCHS_STANDARD_32_BIT)";
				"CODE_SIGN_IDENTITY[sdk=iphoneos*]" = "iPhone Developer";
				GCC_C_LANGUAGE_STANDARD = c99;
				GCC_WARN_ABOUT_RETURN_TYPE = YES;
				GCC_WARN_UNUSED_VARIABLE = YES;
				IPHONEOS_DEPLOYMENT_TARGET = 5.0;
				SDKROOT = iphoneos;
			};
			name = Release;
		};
/* End XCBuildConfiguration section */

/* Begin XCConfigurationList section */
		1D6058960D05DD3E006BFB54 /* Build configuration list for PBXNativeTarget "HARN" */ = {
			isa = XCConfigurationList;
			buildConfigurations = (
				1D6058940D05DD3E006BFB54 /* Debug */,
				1D6058950D05DD3E006BFB54 /* Release */,
			);
			defaultConfigurationIsVisible = 0;
			defaultConfigurationName = Release;
		};
		C01FCF4E08A954540054247B /* Build configuration list for PBXProject "HARN" */ = {
			isa = XCConfigurationList;
			buildConfigurations = (
				C01FCF4F08A954540054247B /* Debug */,
				C01FCF5008A954540054247B /* Release */,
			);
			defaultConfigurationIsVisible = 0;
			defaultConfigurationName = Release;
		};
/* End XCConfigurationList section */
	};
	rootObject = 29B97313FDCFA39411CA2CEA /* Project object */;
}
