// !$*UTF8*$!
{
	archiveVersion = 1;
	classes = {
	};
	objectVersion = 46;
	objects = {

/* Begin PBXBuildFile section */
		1D1EA86116C6E59A0019B139 /* Default@2x.png in Resources */ = {isa = PBXBuildFile; fileRef = 1D1EA86016C6E59A0019B139 /* Default@2x.png */; };
		1D1EA86316C6E5A70019B139 /* Default.png in Resources */ = {isa = PBXBuildFile; fileRef = 1D1EA86216C6E5A70019B139 /* Default.png */; };
		1D29777616CD77370094FD84 /* FilterPreview.m in Sources */ = {isa = PBXBuildFile; fileRef = 1D29777516CD77370094FD84 /* FilterPreview.m */; };
		1D30FACD16E1938E000B1CE2 /* gallerybackground@2x.png in Resources */ = {isa = PBXBuildFile; fileRef = 1D30FACC16E1938E000B1CE2 /* gallerybackground@2x.png */; };
		1D3623260D0F684500981E51 /* PagingScrollViewAppDelegate.m in Sources */ = {isa = PBXBuildFile; fileRef = 1D3623250D0F684500981E51 /* PagingScrollViewAppDelegate.m */; };
		1D5CBC4316E05E3E004CAE64 /* HARN Retina Border.png in Resources */ = {isa = PBXBuildFile; fileRef = 1D5CBC4216E05E3E004CAE64 /* HARN Retina Border.png */; };
		1D5CBC4516E06D3A004CAE64 /* HARN Retina label.png in Resources */ = {isa = PBXBuildFile; fileRef = 1D5CBC4416E06D3A004CAE64 /* HARN Retina label.png */; };
		1D5CBC4716E06DF0004CAE64 /* HARN Retina no label.png in Resources */ = {isa = PBXBuildFile; fileRef = 1D5CBC4616E06DF0004CAE64 /* HARN Retina no label.png */; };
		1D5CBC4916E073B6004CAE64 /* HARN no label.png in Resources */ = {isa = PBXBuildFile; fileRef = 1D5CBC4816E073B6004CAE64 /* HARN no label.png */; };
		1D5DA93016B62504002FBF16 /* Default-568h@2x.png in Resources */ = {isa = PBXBuildFile; fileRef = 1D2E2B9816B613F1006F1863 /* Default-568h@2x.png */; };
		1D60589B0D05DD56006BFB54 /* main.m in Sources */ = {isa = PBXBuildFile; fileRef = 29B97316FDCFA39411CA2CEA /* main.m */; };
		1D60589F0D05DD5A006BFB54 /* Foundation.framework in Frameworks */ = {isa = PBXBuildFile; fileRef = 1D30AB110D05D00D00671497 /* Foundation.framework */; };
		1D62063C16CB480900203DA8 /* MobileCoreServices.framework in Frameworks */ = {isa = PBXBuildFile; fileRef = 1D62063B16CB480900203DA8 /* MobileCoreServices.framework */; };
		1D62063E16CB481100203DA8 /* MediaPlayer.framework in Frameworks */ = {isa = PBXBuildFile; fileRef = 1D62063D16CB481100203DA8 /* MediaPlayer.framework */; };
		1D7090AF16CC063A0074597B /* CameraViewController.m in Sources */ = {isa = PBXBuildFile; fileRef = 1D7090AE16CC063A0074597B /* CameraViewController.m */; };
		1D76D3BE16D7EFA70074284E /* aA@2x.png in Resources */ = {isa = PBXBuildFile; fileRef = 1D76D3BD16D7EFA70074284E /* aA@2x.png */; };
		1D7A6F4F16E17D4100DCBFAB /* addToFavorites.m in Sources */ = {isa = PBXBuildFile; fileRef = 1D7A6F4E16E17D4100DCBFAB /* addToFavorites.m */; };
		1D7A6F5316E1802D00DCBFAB /* addToFavoritesActivity.m in Sources */ = {isa = PBXBuildFile; fileRef = 1D7A6F5216E1802D00DCBFAB /* addToFavoritesActivity.m */; };
		1D7A6F5816E1862600DCBFAB /* favorites-activity.png in Resources */ = {isa = PBXBuildFile; fileRef = 1D7A6F5616E1862600DCBFAB /* favorites-activity.png */; };
		1D7A6F5916E1862600DCBFAB /* favorites-activity@2x.png in Resources */ = {isa = PBXBuildFile; fileRef = 1D7A6F5716E1862600DCBFAB /* favorites-activity@2x.png */; };
		1D7E357616CF081200C5C033 /* HARN icon.png in Resources */ = {isa = PBXBuildFile; fileRef = 1D7E357516CF081200C5C033 /* HARN icon.png */; };
		1D7E357816CF0EB100C5C033 /* HARN icon low res.png in Resources */ = {isa = PBXBuildFile; fileRef = 1D7E357716CF0EB100C5C033 /* HARN icon low res.png */; };
		1D92A76D16B5F22600F47D7D /* ceramic.png in Resources */ = {isa = PBXBuildFile; fileRef = 1D92A76A16B5F22600F47D7D /* ceramic.png */; };
		1D92A76E16B5F22600F47D7D /* monet.png in Resources */ = {isa = PBXBuildFile; fileRef = 1D92A76B16B5F22600F47D7D /* monet.png */; };
		1D92A76F16B5F22600F47D7D /* skeleton.png in Resources */ = {isa = PBXBuildFile; fileRef = 1D92A76C16B5F22600F47D7D /* skeleton.png */; };
		1D92A77116B5F42800F47D7D /* harn logo.png in Resources */ = {isa = PBXBuildFile; fileRef = 1D92A77016B5F42800F47D7D /* harn logo.png */; };
		1D92A77316B5FAC100F47D7D /* blank frame.png in Resources */ = {isa = PBXBuildFile; fileRef = 1D92A77216B5FAC100F47D7D /* blank frame.png */; };
		1DA6A40D16CAFBEE0021267F /* CoreImage.framework in Frameworks */ = {isa = PBXBuildFile; fileRef = 1DA6A40C16CAFBEE0021267F /* CoreImage.framework */; };
		1DA8E15D16CD8A9B002914E4 /* OpenGLES.framework in Frameworks */ = {isa = PBXBuildFile; fileRef = 1DA8E15C16CD8A9B002914E4 /* OpenGLES.framework */; };
		1DAC466216D7C78700ABF89A /* floatingButton.m in Sources */ = {isa = PBXBuildFile; fileRef = 1DAC466116D7C78700ABF89A /* floatingButton.m */; };
		1DAC466416D7C99200ABF89A /* circleCamera.png in Resources */ = {isa = PBXBuildFile; fileRef = 1DAC466316D7C99200ABF89A /* circleCamera.png */; };
		1DAF8CF116D6E5060080224C /* DetailViewController.m in Sources */ = {isa = PBXBuildFile; fileRef = 1DAF8CF016D6E5060080224C /* DetailViewController.m */; };
		1DAF8CF616D6ED8D0080224C /* aA.png in Resources */ = {isa = PBXBuildFile; fileRef = 1DAF8CF516D6ED8D0080224C /* aA.png */; };
		1DAF8CF916D6F1A10080224C /* InformationViewController.m in Sources */ = {isa = PBXBuildFile; fileRef = 1DAF8CF816D6F1A10080224C /* InformationViewController.m */; };
		1DC3B8B416D6E08F00BFF5ED /* ArtCell.m in Sources */ = {isa = PBXBuildFile; fileRef = 1DC3B8B316D6E08F00BFF5ED /* ArtCell.m */; };
		1DC3B8B716D6E0FB00BFF5ED /* CollectionViewController.m in Sources */ = {isa = PBXBuildFile; fileRef = 1DC3B8B616D6E0FB00BFF5ED /* CollectionViewController.m */; };
		1DC53B5916B60028003591CD /* menu.png in Resources */ = {isa = PBXBuildFile; fileRef = 1DC53B5816B60028003591CD /* menu.png */; };
		1DCA55A116F2753800909059 /* comingsoon@2x.png in Resources */ = {isa = PBXBuildFile; fileRef = 1DCA55A016F2753800909059 /* comingsoon@2x.png */; };
		1DE88E5416CB140600B8804E /* MainStoryboard.storyboard in Resources */ = {isa = PBXBuildFile; fileRef = 1DE88E5316CB140600B8804E /* MainStoryboard.storyboard */; };
		1DEE8DFA16CD855900A3C9B7 /* UIImageExtension.m in Sources */ = {isa = PBXBuildFile; fileRef = 1DEE8DF916CD855900A3C9B7 /* UIImageExtension.m */; };
		1DF5F4E00D08C38300B7A737 /* UIKit.framework in Frameworks */ = {isa = PBXBuildFile; fileRef = 1DF5F4DF0D08C38300B7A737 /* UIKit.framework */; };
		288765FD0DF74451002DB57D /* CoreGraphics.framework in Frameworks */ = {isa = PBXBuildFile; fileRef = 288765FC0DF74451002DB57D /* CoreGraphics.framework */; };
		8016D53716CC220B00F20725 /* QuartzCore.framework in Frameworks */ = {isa = PBXBuildFile; fileRef = 8016D53516CC21BD00F20725 /* QuartzCore.framework */; };
		808DB99816CD7E5F00B591D6 /* TitleViewController.m in Sources */ = {isa = PBXBuildFile; fileRef = 808DB99716CD7E5F00B591D6 /* TitleViewController.m */; };
		80CFA22B16F218F200F90382 /* Properties.plist in Resources */ = {isa = PBXBuildFile; fileRef = 80CFA22A16F218F200F90382 /* Properties.plist */; };
		C9F783630F2AB7600029CA01 /* DataSource.m in Sources */ = {isa = PBXBuildFile; fileRef = C9F783620F2AB7600029CA01 /* DataSource.m */; };
		C9F783930F2ABA430029CA01 /* PageView.xib in Resources */ = {isa = PBXBuildFile; fileRef = C9F783920F2ABA430029CA01 /* PageView.xib */; };
		C9F783A20F2ABAE40029CA01 /* PagingScrollViewController.m in Sources */ = {isa = PBXBuildFile; fileRef = C9F783A10F2ABAE40029CA01 /* PagingScrollViewController.m */; };
		C9F783A50F2ABAF10029CA01 /* PageViewController.m in Sources */ = {isa = PBXBuildFile; fileRef = C9F783A40F2ABAF10029CA01 /* PageViewController.m */; };
/* End PBXBuildFile section */

/* Begin PBXFileReference section */
		1D1EA86016C6E59A0019B139 /* Default@2x.png */ = {isa = PBXFileReference; lastKnownFileType = image.png; path = "Default@2x.png"; sourceTree = "<group>"; };
		1D1EA86216C6E5A70019B139 /* Default.png */ = {isa = PBXFileReference; lastKnownFileType = image.png; path = Default.png; sourceTree = "<group>"; };
		1D29777416CD77370094FD84 /* FilterPreview.h */ = {isa = PBXFileReference; fileEncoding = 4; lastKnownFileType = sourcecode.c.h; path = FilterPreview.h; sourceTree = "<group>"; };
		1D29777516CD77370094FD84 /* FilterPreview.m */ = {isa = PBXFileReference; fileEncoding = 4; lastKnownFileType = sourcecode.c.objc; path = FilterPreview.m; sourceTree = "<group>"; };
		1D2E2B9816B613F1006F1863 /* Default-568h@2x.png */ = {isa = PBXFileReference; lastKnownFileType = image.png; path = "Default-568h@2x.png"; sourceTree = "<group>"; };
		1D30AB110D05D00D00671497 /* Foundation.framework */ = {isa = PBXFileReference; lastKnownFileType = wrapper.framework; name = Foundation.framework; path = System/Library/Frameworks/Foundation.framework; sourceTree = SDKROOT; };
		1D30FACC16E1938E000B1CE2 /* gallerybackground@2x.png */ = {isa = PBXFileReference; lastKnownFileType = image.png; path = "gallerybackground@2x.png"; sourceTree = "<group>"; };
		1D3623240D0F684500981E51 /* PagingScrollViewAppDelegate.h */ = {isa = PBXFileReference; fileEncoding = 4; lastKnownFileType = sourcecode.c.h; path = PagingScrollViewAppDelegate.h; sourceTree = "<group>"; };
		1D3623250D0F684500981E51 /* PagingScrollViewAppDelegate.m */ = {isa = PBXFileReference; fileEncoding = 4; lastKnownFileType = sourcecode.c.objc; path = PagingScrollViewAppDelegate.m; sourceTree = "<group>"; };
		1D5CBC4216E05E3E004CAE64 /* HARN Retina Border.png */ = {isa = PBXFileReference; lastKnownFileType = image.png; path = "HARN Retina Border.png"; sourceTree = "<group>"; };
		1D5CBC4416E06D3A004CAE64 /* HARN Retina label.png */ = {isa = PBXFileReference; lastKnownFileType = image.png; path = "HARN Retina label.png"; sourceTree = "<group>"; };
		1D5CBC4616E06DF0004CAE64 /* HARN Retina no label.png */ = {isa = PBXFileReference; lastKnownFileType = image.png; path = "HARN Retina no label.png"; sourceTree = "<group>"; };
		1D5CBC4816E073B6004CAE64 /* HARN no label.png */ = {isa = PBXFileReference; lastKnownFileType = image.png; path = "HARN no label.png"; sourceTree = "<group>"; };
		1D6058910D05DD3D006BFB54 /* HARN.app */ = {isa = PBXFileReference; explicitFileType = wrapper.application; includeInIndex = 0; path = HARN.app; sourceTree = BUILT_PRODUCTS_DIR; };
		1D62063B16CB480900203DA8 /* MobileCoreServices.framework */ = {isa = PBXFileReference; lastKnownFileType = wrapper.framework; name = MobileCoreServices.framework; path = System/Library/Frameworks/MobileCoreServices.framework; sourceTree = SDKROOT; };
		1D62063D16CB481100203DA8 /* MediaPlayer.framework */ = {isa = PBXFileReference; lastKnownFileType = wrapper.framework; name = MediaPlayer.framework; path = System/Library/Frameworks/MediaPlayer.framework; sourceTree = SDKROOT; };
		1D7090AD16CC063A0074597B /* CameraViewController.h */ = {isa = PBXFileReference; fileEncoding = 4; lastKnownFileType = sourcecode.c.h; name = CameraViewController.h; path = ../CameraViewController.h; sourceTree = "<group>"; };
		1D7090AE16CC063A0074597B /* CameraViewController.m */ = {isa = PBXFileReference; fileEncoding = 4; lastKnownFileType = sourcecode.c.objc; name = CameraViewController.m; path = ../CameraViewController.m; sourceTree = "<group>"; };
		1D76D3BD16D7EFA70074284E /* aA@2x.png */ = {isa = PBXFileReference; lastKnownFileType = image.png; path = "aA@2x.png"; sourceTree = "<group>"; };
		1D7A6F4D16E17D4100DCBFAB /* addToFavorites.h */ = {isa = PBXFileReference; fileEncoding = 4; lastKnownFileType = sourcecode.c.h; name = addToFavorites.h; path = "Collection View/addToFavorites.h"; sourceTree = "<group>"; };
		1D7A6F4E16E17D4100DCBFAB /* addToFavorites.m */ = {isa = PBXFileReference; fileEncoding = 4; lastKnownFileType = sourcecode.c.objc; name = addToFavorites.m; path = "Collection View/addToFavorites.m"; sourceTree = "<group>"; };
		1D7A6F5116E1802D00DCBFAB /* addToFavoritesActivity.h */ = {isa = PBXFileReference; fileEncoding = 4; lastKnownFileType = sourcecode.c.h; name = addToFavoritesActivity.h; path = "Collection View/addToFavoritesActivity.h"; sourceTree = "<group>"; };
		1D7A6F5216E1802D00DCBFAB /* addToFavoritesActivity.m */ = {isa = PBXFileReference; fileEncoding = 4; lastKnownFileType = sourcecode.c.objc; name = addToFavoritesActivity.m; path = "Collection View/addToFavoritesActivity.m"; sourceTree = "<group>"; };
		1D7A6F5616E1862600DCBFAB /* favorites-activity.png */ = {isa = PBXFileReference; lastKnownFileType = image.png; path = "favorites-activity.png"; sourceTree = "<group>"; };
		1D7A6F5716E1862600DCBFAB /* favorites-activity@2x.png */ = {isa = PBXFileReference; lastKnownFileType = image.png; path = "favorites-activity@2x.png"; sourceTree = "<group>"; };
		1D7E357516CF081200C5C033 /* HARN icon.png */ = {isa = PBXFileReference; lastKnownFileType = image.png; path = "HARN icon.png"; sourceTree = "<group>"; };
		1D7E357716CF0EB100C5C033 /* HARN icon low res.png */ = {isa = PBXFileReference; lastKnownFileType = image.png; path = "HARN icon low res.png"; sourceTree = "<group>"; };
		1D92A76A16B5F22600F47D7D /* ceramic.png */ = {isa = PBXFileReference; lastKnownFileType = image.png; path = ceramic.png; sourceTree = "<group>"; };
		1D92A76B16B5F22600F47D7D /* monet.png */ = {isa = PBXFileReference; lastKnownFileType = image.png; path = monet.png; sourceTree = "<group>"; };
		1D92A76C16B5F22600F47D7D /* skeleton.png */ = {isa = PBXFileReference; lastKnownFileType = image.png; path = skeleton.png; sourceTree = "<group>"; };
		1D92A77016B5F42800F47D7D /* harn logo.png */ = {isa = PBXFileReference; lastKnownFileType = image.png; path = "harn logo.png"; sourceTree = "<group>"; };
		1D92A77216B5FAC100F47D7D /* blank frame.png */ = {isa = PBXFileReference; lastKnownFileType = image.png; path = "blank frame.png"; sourceTree = "<group>"; };
		1DA6A40C16CAFBEE0021267F /* CoreImage.framework */ = {isa = PBXFileReference; lastKnownFileType = wrapper.framework; name = CoreImage.framework; path = System/Library/Frameworks/CoreImage.framework; sourceTree = SDKROOT; };
		1DA8E15C16CD8A9B002914E4 /* OpenGLES.framework */ = {isa = PBXFileReference; lastKnownFileType = wrapper.framework; name = OpenGLES.framework; path = System/Library/Frameworks/OpenGLES.framework; sourceTree = SDKROOT; };
		1DAC466016D7C78700ABF89A /* floatingButton.h */ = {isa = PBXFileReference; fileEncoding = 4; lastKnownFileType = sourcecode.c.h; name = floatingButton.h; path = "Collection View/floatingButton.h"; sourceTree = "<group>"; };
		1DAC466116D7C78700ABF89A /* floatingButton.m */ = {isa = PBXFileReference; fileEncoding = 4; lastKnownFileType = sourcecode.c.objc; name = floatingButton.m; path = "Collection View/floatingButton.m"; sourceTree = "<group>"; };
		1DAC466316D7C99200ABF89A /* circleCamera.png */ = {isa = PBXFileReference; lastKnownFileType = image.png; path = circleCamera.png; sourceTree = "<group>"; };
		1DAF8CEF16D6E5060080224C /* DetailViewController.h */ = {isa = PBXFileReference; fileEncoding = 4; lastKnownFileType = sourcecode.c.h; name = DetailViewController.h; path = "Collection View/DetailViewController.h"; sourceTree = "<group>"; };
		1DAF8CF016D6E5060080224C /* DetailViewController.m */ = {isa = PBXFileReference; fileEncoding = 4; lastKnownFileType = sourcecode.c.objc; name = DetailViewController.m; path = "Collection View/DetailViewController.m"; sourceTree = "<group>"; };
		1DAF8CF516D6ED8D0080224C /* aA.png */ = {isa = PBXFileReference; lastKnownFileType = image.png; path = aA.png; sourceTree = "<group>"; };
		1DAF8CF716D6F1A10080224C /* InformationViewController.h */ = {isa = PBXFileReference; fileEncoding = 4; lastKnownFileType = sourcecode.c.h; name = InformationViewController.h; path = "Collection View/InformationViewController.h"; sourceTree = "<group>"; };
		1DAF8CF816D6F1A10080224C /* InformationViewController.m */ = {isa = PBXFileReference; fileEncoding = 4; lastKnownFileType = sourcecode.c.objc; name = InformationViewController.m; path = "Collection View/InformationViewController.m"; sourceTree = "<group>"; };
		1DC3B8B216D6E08F00BFF5ED /* ArtCell.h */ = {isa = PBXFileReference; fileEncoding = 4; lastKnownFileType = sourcecode.c.h; name = ArtCell.h; path = "Collection View/ArtCell.h"; sourceTree = "<group>"; };
		1DC3B8B316D6E08F00BFF5ED /* ArtCell.m */ = {isa = PBXFileReference; fileEncoding = 4; lastKnownFileType = sourcecode.c.objc; name = ArtCell.m; path = "Collection View/ArtCell.m"; sourceTree = "<group>"; };
		1DC3B8B516D6E0FB00BFF5ED /* CollectionViewController.h */ = {isa = PBXFileReference; fileEncoding = 4; lastKnownFileType = sourcecode.c.h; name = CollectionViewController.h; path = "Collection View/CollectionViewController.h"; sourceTree = "<group>"; };
		1DC3B8B616D6E0FB00BFF5ED /* CollectionViewController.m */ = {isa = PBXFileReference; fileEncoding = 4; lastKnownFileType = sourcecode.c.objc; name = CollectionViewController.m; path = "Collection View/CollectionViewController.m"; sourceTree = "<group>"; };
		1DC53B5816B60028003591CD /* menu.png */ = {isa = PBXFileReference; lastKnownFileType = image.png; path = menu.png; sourceTree = "<group>"; };
		1DCA55A016F2753800909059 /* comingsoon@2x.png */ = {isa = PBXFileReference; lastKnownFileType = image.png; name = "comingsoon@2x.png"; path = "../comingsoon@2x.png"; sourceTree = "<group>"; };
		1DE88E5316CB140600B8804E /* MainStoryboard.storyboard */ = {isa = PBXFileReference; fileEncoding = 4; lastKnownFileType = file.storyboard; path = MainStoryboard.storyboard; sourceTree = "<group>"; };
		1DEE8DF816CD855900A3C9B7 /* UIImageExtension.h */ = {isa = PBXFileReference; fileEncoding = 4; lastKnownFileType = sourcecode.c.h; path = UIImageExtension.h; sourceTree = "<group>"; };
		1DEE8DF916CD855900A3C9B7 /* UIImageExtension.m */ = {isa = PBXFileReference; fileEncoding = 4; lastKnownFileType = sourcecode.c.objc; path = UIImageExtension.m; sourceTree = "<group>"; };
		1DF5F4DF0D08C38300B7A737 /* UIKit.framework */ = {isa = PBXFileReference; lastKnownFileType = wrapper.framework; name = UIKit.framework; path = System/Library/Frameworks/UIKit.framework; sourceTree = SDKROOT; };
		288765FC0DF74451002DB57D /* CoreGraphics.framework */ = {isa = PBXFileReference; lastKnownFileType = wrapper.framework; name = CoreGraphics.framework; path = System/Library/Frameworks/CoreGraphics.framework; sourceTree = SDKROOT; };
		29B97316FDCFA39411CA2CEA /* main.m */ = {isa = PBXFileReference; fileEncoding = 4; lastKnownFileType = sourcecode.c.objc; path = main.m; sourceTree = "<group>"; };
		32CA4F630368D1EE00C91783 /* HARN_Prefix.pch */ = {isa = PBXFileReference; fileEncoding = 4; lastKnownFileType = sourcecode.c.h; path = HARN_Prefix.pch; sourceTree = "<group>"; };
		8016D53516CC21BD00F20725 /* QuartzCore.framework */ = {isa = PBXFileReference; lastKnownFileType = wrapper.framework; name = QuartzCore.framework; path = System/Library/Frameworks/QuartzCore.framework; sourceTree = SDKROOT; };
		808DB99616CD7E5F00B591D6 /* TitleViewController.h */ = {isa = PBXFileReference; fileEncoding = 4; lastKnownFileType = sourcecode.c.h; path = TitleViewController.h; sourceTree = "<group>"; };
		808DB99716CD7E5F00B591D6 /* TitleViewController.m */ = {isa = PBXFileReference; fileEncoding = 4; lastKnownFileType = sourcecode.c.objc; path = TitleViewController.m; sourceTree = "<group>"; };
		80CFA22A16F218F200F90382 /* Properties.plist */ = {isa = PBXFileReference; fileEncoding = 4; lastKnownFileType = text.plist.xml; path = Properties.plist; sourceTree = "<group>"; };
		8D1107310486CEB800E47090 /* Info.plist */ = {isa = PBXFileReference; fileEncoding = 4; lastKnownFileType = text.plist.xml; path = Info.plist; sourceTree = "<group>"; };
		C9F783610F2AB7600029CA01 /* DataSource.h */ = {isa = PBXFileReference; fileEncoding = 4; lastKnownFileType = sourcecode.c.h; path = DataSource.h; sourceTree = "<group>"; };
		C9F783620F2AB7600029CA01 /* DataSource.m */ = {isa = PBXFileReference; fileEncoding = 4; lastKnownFileType = sourcecode.c.objc; path = DataSource.m; sourceTree = "<group>"; };
		C9F7838F0F2AB8020029CA01 /* SynthesizeSingleton.h */ = {isa = PBXFileReference; fileEncoding = 4; lastKnownFileType = sourcecode.c.h; path = SynthesizeSingleton.h; sourceTree = "<group>"; };
		C9F783920F2ABA430029CA01 /* PageView.xib */ = {isa = PBXFileReference; lastKnownFileType = file.xib; path = PageView.xib; sourceTree = "<group>"; };
		C9F783A00F2ABAE40029CA01 /* PagingScrollViewController.h */ = {isa = PBXFileReference; fileEncoding = 4; lastKnownFileType = sourcecode.c.h; path = PagingScrollViewController.h; sourceTree = "<group>"; };
		C9F783A10F2ABAE40029CA01 /* PagingScrollViewController.m */ = {isa = PBXFileReference; fileEncoding = 4; lastKnownFileType = sourcecode.c.objc; path = PagingScrollViewController.m; sourceTree = "<group>"; };
		C9F783A30F2ABAF10029CA01 /* PageViewController.h */ = {isa = PBXFileReference; fileEncoding = 4; lastKnownFileType = sourcecode.c.h; path = PageViewController.h; sourceTree = "<group>"; };
		C9F783A40F2ABAF10029CA01 /* PageViewController.m */ = {isa = PBXFileReference; fileEncoding = 4; lastKnownFileType = sourcecode.c.objc; path = PageViewController.m; sourceTree = "<group>"; };
/* End PBXFileReference section */

/* Begin PBXFrameworksBuildPhase section */
		1D60588F0D05DD3D006BFB54 /* Frameworks */ = {
			isa = PBXFrameworksBuildPhase;
			buildActionMask = 2147483647;
			files = (
				8016D53716CC220B00F20725 /* QuartzCore.framework in Frameworks */,
				1DA8E15D16CD8A9B002914E4 /* OpenGLES.framework in Frameworks */,
				1DA6A40D16CAFBEE0021267F /* CoreImage.framework in Frameworks */,
				1D62063E16CB481100203DA8 /* MediaPlayer.framework in Frameworks */,
				1D62063C16CB480900203DA8 /* MobileCoreServices.framework in Frameworks */,
				1DF5F4E00D08C38300B7A737 /* UIKit.framework in Frameworks */,
				1D60589F0D05DD5A006BFB54 /* Foundation.framework in Frameworks */,
				288765FD0DF74451002DB57D /* CoreGraphics.framework in Frameworks */,
			);
			runOnlyForDeploymentPostprocessing = 0;
		};
/* End PBXFrameworksBuildPhase section */

/* Begin PBXGroup section */
		080E96DDFE201D6D7F000001 /* Classes */ = {
			isa = PBXGroup;
			children = (
				1DAF8CF416D6E6CA0080224C /* Camera */,
				1DAF8CF316D6E6B50080224C /* Collection View */,
				1D3623240D0F684500981E51 /* PagingScrollViewAppDelegate.h */,
				1D3623250D0F684500981E51 /* PagingScrollViewAppDelegate.m */,
				C9F783610F2AB7600029CA01 /* DataSource.h */,
				C9F783620F2AB7600029CA01 /* DataSource.m */,
				C9F783A00F2ABAE40029CA01 /* PagingScrollViewController.h */,
				C9F783A10F2ABAE40029CA01 /* PagingScrollViewController.m */,
				C9F783A30F2ABAF10029CA01 /* PageViewController.h */,
				C9F783A40F2ABAF10029CA01 /* PageViewController.m */,
				808DB99616CD7E5F00B591D6 /* TitleViewController.h */,
				808DB99716CD7E5F00B591D6 /* TitleViewController.m */,
			);
			path = Classes;
			sourceTree = "<group>";
		};
		19C28FACFE9D520D11CA2CBB /* Products */ = {
			isa = PBXGroup;
			children = (
				1D6058910D05DD3D006BFB54 /* HARN.app */,
			);
			name = Products;
			sourceTree = "<group>";
		};
		1D7A6F5016E17FC500DCBFAB /* Custom Activity */ = {
			isa = PBXGroup;
			children = (
				1D7A6F4D16E17D4100DCBFAB /* addToFavorites.h */,
				1D7A6F4E16E17D4100DCBFAB /* addToFavorites.m */,
				1D7A6F5116E1802D00DCBFAB /* addToFavoritesActivity.h */,
				1D7A6F5216E1802D00DCBFAB /* addToFavoritesActivity.m */,
				1D7A6F5616E1862600DCBFAB /* favorites-activity.png */,
				1D7A6F5716E1862600DCBFAB /* favorites-activity@2x.png */,
			);
			name = "Custom Activity";
			sourceTree = "<group>";
		};
		1DAF8CF316D6E6B50080224C /* Collection View */ = {
			isa = PBXGroup;
			children = (
				1DAF8CEF16D6E5060080224C /* DetailViewController.h */,
				1DAF8CF016D6E5060080224C /* DetailViewController.m */,
				1DAF8CF716D6F1A10080224C /* InformationViewController.h */,
				1DAF8CF816D6F1A10080224C /* InformationViewController.m */,
				1DC3B8B216D6E08F00BFF5ED /* ArtCell.h */,
				1DC3B8B316D6E08F00BFF5ED /* ArtCell.m */,
				1DAC466016D7C78700ABF89A /* floatingButton.h */,
				1DAC466116D7C78700ABF89A /* floatingButton.m */,
				1DC3B8B516D6E0FB00BFF5ED /* CollectionViewController.h */,
				1DC3B8B616D6E0FB00BFF5ED /* CollectionViewController.m */,
				1DAC466316D7C99200ABF89A /* circleCamera.png */,
				1D7A6F5016E17FC500DCBFAB /* Custom Activity */,
			);
			name = "Collection View";
			sourceTree = "<group>";
		};
		1DAF8CF416D6E6CA0080224C /* Camera */ = {
			isa = PBXGroup;
			children = (
				1DCA55A016F2753800909059 /* comingsoon@2x.png */,
				1D7090AD16CC063A0074597B /* CameraViewController.h */,
				1D7090AE16CC063A0074597B /* CameraViewController.m */,
				1DEE8DF816CD855900A3C9B7 /* UIImageExtension.h */,
				1DEE8DF916CD855900A3C9B7 /* UIImageExtension.m */,
				1D29777416CD77370094FD84 /* FilterPreview.h */,
				1D29777516CD77370094FD84 /* FilterPreview.m */,
			);
			name = Camera;
			sourceTree = "<group>";
		};
		29B97314FDCFA39411CA2CEA /* CustomTemplate */ = {
			isa = PBXGroup;
			children = (
				1D30FACC16E1938E000B1CE2 /* gallerybackground@2x.png */,
				1D5CBC4816E073B6004CAE64 /* HARN no label.png */,
				1D5CBC4616E06DF0004CAE64 /* HARN Retina no label.png */,
				1D5CBC4416E06D3A004CAE64 /* HARN Retina label.png */,
				1D5CBC4216E05E3E004CAE64 /* HARN Retina Border.png */,
				1D7E357716CF0EB100C5C033 /* HARN icon low res.png */,
				1D7E357516CF081200C5C033 /* HARN icon.png */,
				1D1EA86216C6E5A70019B139 /* Default.png */,
				1D1EA86016C6E59A0019B139 /* Default@2x.png */,
				1D2E2B9816B613F1006F1863 /* Default-568h@2x.png */,
				080E96DDFE201D6D7F000001 /* Classes */,
				29B97315FDCFA39411CA2CEA /* Other Sources */,
				29B97317FDCFA39411CA2CEA /* Resources */,
				29B97323FDCFA39411CA2CEA /* Frameworks */,
				19C28FACFE9D520D11CA2CBB /* Products */,
			);
			name = CustomTemplate;
			sourceTree = "<group>";
		};
		29B97315FDCFA39411CA2CEA /* Other Sources */ = {
			isa = PBXGroup;
			children = (
				C9F7838F0F2AB8020029CA01 /* SynthesizeSingleton.h */,
				32CA4F630368D1EE00C91783 /* HARN_Prefix.pch */,
				29B97316FDCFA39411CA2CEA /* main.m */,
				1DE88E5316CB140600B8804E /* MainStoryboard.storyboard */,
				80CFA22A16F218F200F90382 /* Properties.plist */,
			);
			name = "Other Sources";
			sourceTree = "<group>";
		};
		29B97317FDCFA39411CA2CEA /* Resources */ = {
			isa = PBXGroup;
			children = (
				1D76D3BD16D7EFA70074284E /* aA@2x.png */,
				1DAF8CF516D6ED8D0080224C /* aA.png */,
				1DC53B5816B60028003591CD /* menu.png */,
				1D92A77216B5FAC100F47D7D /* blank frame.png */,
				1D92A77016B5F42800F47D7D /* harn logo.png */,
				1D92A76A16B5F22600F47D7D /* ceramic.png */,
				1D92A76B16B5F22600F47D7D /* monet.png */,
				1D92A76C16B5F22600F47D7D /* skeleton.png */,
				C9F783920F2ABA430029CA01 /* PageView.xib */,
				8D1107310486CEB800E47090 /* Info.plist */,
			);
			name = Resources;
			sourceTree = "<group>";
		};
		29B97323FDCFA39411CA2CEA /* Frameworks */ = {
			isa = PBXGroup;
			children = (
				1DA8E15C16CD8A9B002914E4 /* OpenGLES.framework */,
				8016D53516CC21BD00F20725 /* QuartzCore.framework */,
				1D62063D16CB481100203DA8 /* MediaPlayer.framework */,
				1D62063B16CB480900203DA8 /* MobileCoreServices.framework */,
				1DA6A40C16CAFBEE0021267F /* CoreImage.framework */,
				1DF5F4DF0D08C38300B7A737 /* UIKit.framework */,
				1D30AB110D05D00D00671497 /* Foundation.framework */,
				288765FC0DF74451002DB57D /* CoreGraphics.framework */,
			);
			name = Frameworks;
			sourceTree = "<group>";
		};
/* End PBXGroup section */

/* Begin PBXNativeTarget section */
		1D6058900D05DD3D006BFB54 /* HARN */ = {
			isa = PBXNativeTarget;
			buildConfigurationList = 1D6058960D05DD3E006BFB54 /* Build configuration list for PBXNativeTarget "HARN" */;
			buildPhases = (
				1D60588D0D05DD3D006BFB54 /* Resources */,
				1D60588E0D05DD3D006BFB54 /* Sources */,
				1D60588F0D05DD3D006BFB54 /* Frameworks */,
			);
			buildRules = (
			);
			dependencies = (
			);
			name = HARN;
			productName = PagingScrollView;
			productReference = 1D6058910D05DD3D006BFB54 /* HARN.app */;
			productType = "com.apple.product-type.application";
		};
/* End PBXNativeTarget section */

/* Begin PBXProject section */
		29B97313FDCFA39411CA2CEA /* Project object */ = {
			isa = PBXProject;
			attributes = {
				LastUpgradeCheck = 0460;
			};
			buildConfigurationList = C01FCF4E08A954540054247B /* Build configuration list for PBXProject "HARN" */;
			compatibilityVersion = "Xcode 3.2";
			developmentRegion = English;
			hasScannedForEncodings = 1;
			knownRegions = (
				en,
			);
			mainGroup = 29B97314FDCFA39411CA2CEA /* CustomTemplate */;
			projectDirPath = "";
			projectRoot = "";
			targets = (
				1D6058900D05DD3D006BFB54 /* HARN */,
			);
		};
/* End PBXProject section */

/* Begin PBXResourcesBuildPhase section */
		1D60588D0D05DD3D006BFB54 /* Resources */ = {
			isa = PBXResourcesBuildPhase;
			buildActionMask = 2147483647;
			files = (
				C9F783930F2ABA430029CA01 /* PageView.xib in Resources */,
				1D92A76D16B5F22600F47D7D /* ceramic.png in Resources */,
				1D92A76E16B5F22600F47D7D /* monet.png in Resources */,
				1D92A76F16B5F22600F47D7D /* skeleton.png in Resources */,
				1D92A77116B5F42800F47D7D /* harn logo.png in Resources */,
				1D92A77316B5FAC100F47D7D /* blank frame.png in Resources */,
				1DC53B5916B60028003591CD /* menu.png in Resources */,
				1D5DA93016B62504002FBF16 /* Default-568h@2x.png in Resources */,
				1D1EA86116C6E59A0019B139 /* Default@2x.png in Resources */,
				1D1EA86316C6E5A70019B139 /* Default.png in Resources */,
				1DE88E5416CB140600B8804E /* MainStoryboard.storyboard in Resources */,
				1D7E357616CF081200C5C033 /* HARN icon.png in Resources */,
				1D7E357816CF0EB100C5C033 /* HARN icon low res.png in Resources */,
				1DAF8CF616D6ED8D0080224C /* aA.png in Resources */,
				1DAC466416D7C99200ABF89A /* circleCamera.png in Resources */,
				1D76D3BE16D7EFA70074284E /* aA@2x.png in Resources */,
				1D5CBC4316E05E3E004CAE64 /* HARN Retina Border.png in Resources */,
				1D5CBC4516E06D3A004CAE64 /* HARN Retina label.png in Resources */,
				1D5CBC4716E06DF0004CAE64 /* HARN Retina no label.png in Resources */,
				1D5CBC4916E073B6004CAE64 /* HARN no label.png in Resources */,
				1D7A6F5816E1862600DCBFAB /* favorites-activity.png in Resources */,
				1D7A6F5916E1862600DCBFAB /* favorites-activity@2x.png in Resources */,
				1D30FACD16E1938E000B1CE2 /* gallerybackground@2x.png in Resources */,
				80CFA22B16F218F200F90382 /* Properties.plist in Resources */,
				1DCA55A116F2753800909059 /* comingsoon@2x.png in Resources */,
			);
			runOnlyForDeploymentPostprocessing = 0;
		};
/* End PBXResourcesBuildPhase section */

/* Begin PBXSourcesBuildPhase section */
		1D60588E0D05DD3D006BFB54 /* Sources */ = {
			isa = PBXSourcesBuildPhase;
			buildActionMask = 2147483647;
			files = (
				1D60589B0D05DD56006BFB54 /* main.m in Sources */,
				1D3623260D0F684500981E51 /* PagingScrollViewAppDelegate.m in Sources */,
				C9F783630F2AB7600029CA01 /* DataSource.m in Sources */,
				C9F783A20F2ABAE40029CA01 /* PagingScrollViewController.m in Sources */,
				C9F783A50F2ABAF10029CA01 /* PageViewController.m in Sources */,
				1D7090AF16CC063A0074597B /* CameraViewController.m in Sources */,
				1D29777616CD77370094FD84 /* FilterPreview.m in Sources */,
				808DB99816CD7E5F00B591D6 /* TitleViewController.m in Sources */,
				1DEE8DFA16CD855900A3C9B7 /* UIImageExtension.m in Sources */,
				1DC3B8B416D6E08F00BFF5ED /* ArtCell.m in Sources */,
				1DC3B8B716D6E0FB00BFF5ED /* CollectionViewController.m in Sources */,
				1DAF8CF116D6E5060080224C /* DetailViewController.m in Sources */,
				1DAF8CF916D6F1A10080224C /* InformationViewController.m in Sources */,
				1DAC466216D7C78700ABF89A /* floatingButton.m in Sources */,
				1D7A6F4F16E17D4100DCBFAB /* addToFavorites.m in Sources */,
				1D7A6F5316E1802D00DCBFAB /* addToFavoritesActivity.m in Sources */,
			);
			runOnlyForDeploymentPostprocessing = 0;
		};
/* End PBXSourcesBuildPhase section */

/* Begin XCBuildConfiguration section */
		1D6058940D05DD3E006BFB54 /* Debug */ = {
			isa = XCBuildConfiguration;
			buildSettings = {
				ALWAYS_SEARCH_USER_PATHS = NO;
				CLANG_ENABLE_OBJC_ARC = YES;
				COPY_PHASE_STRIP = NO;
				GCC_DYNAMIC_NO_PIC = NO;
				GCC_OPTIMIZATION_LEVEL = 0;
				GCC_PRECOMPILE_PREFIX_HEADER = YES;
				GCC_PREFIX_HEADER = HARN_Prefix.pch;
				INFOPLIST_FILE = Info.plist;
				IPHONEOS_DEPLOYMENT_TARGET = 6.0;
				PRODUCT_NAME = HARN;
				SDKROOT = iphoneos;
			};
			name = Debug;
		};
		1D6058950D05DD3E006BFB54 /* Release */ = {
			isa = XCBuildConfiguration;
			buildSettings = {
				ALWAYS_SEARCH_USER_PATHS = NO;
				CLANG_ENABLE_OBJC_ARC = YES;
				COPY_PHASE_STRIP = YES;
				GCC_PRECOMPILE_PREFIX_HEADER = YES;
				GCC_PREFIX_HEADER = HARN_Prefix.pch;
				INFOPLIST_FILE = Info.plist;
				IPHONEOS_DEPLOYMENT_TARGET = 6.0;
				PRODUCT_NAME = HARN;
				SDKROOT = iphoneos;
			};
			name = Release;
		};
		C01FCF4F08A954540054247B /* Debug */ = {
			isa = XCBuildConfiguration;
			buildSettings = {
				ARCHS = "$(ARCHS_STANDARD_32_BIT)";
				"CODE_SIGN_IDENTITY[sdk=iphoneos*]" = "iPhone Developer";
				GCC_C_LANGUAGE_STANDARD = c99;
				GCC_WARN_ABOUT_RETURN_TYPE = YES;
				GCC_WARN_UNUSED_VARIABLE = YES;
				IPHONEOS_DEPLOYMENT_TARGET = 5.0;
				ONLY_ACTIVE_ARCH = YES;
				SDKROOT = iphoneos;
			};
			name = Debug;
		};
		C01FCF5008A954540054247B /* Release */ = {
			isa = XCBuildConfiguration;
			buildSettings = {
				ARCHS = "$(ARCHS_STANDARD_32_BIT)";
				"CODE_SIGN_IDENTITY[sdk=iphoneos*]" = "iPhone Developer";
				GCC_C_LANGUAGE_STANDARD = c99;
				GCC_WARN_ABOUT_RETURN_TYPE = YES;
				GCC_WARN_UNUSED_VARIABLE = YES;
				IPHONEOS_DEPLOYMENT_TARGET = 5.0;
				SDKROOT = iphoneos;
			};
			name = Release;
		};
/* End XCBuildConfiguration section */

/* Begin XCConfigurationList section */
		1D6058960D05DD3E006BFB54 /* Build configuration list for PBXNativeTarget "HARN" */ = {
			isa = XCConfigurationList;
			buildConfigurations = (
				1D6058940D05DD3E006BFB54 /* Debug */,
				1D6058950D05DD3E006BFB54 /* Release */,
			);
			defaultConfigurationIsVisible = 0;
			defaultConfigurationName = Release;
		};
		C01FCF4E08A954540054247B /* Build configuration list for PBXProject "HARN" */ = {
			isa = XCConfigurationList;
			buildConfigurations = (
				C01FCF4F08A954540054247B /* Debug */,
				C01FCF5008A954540054247B /* Release */,
			);
			defaultConfigurationIsVisible = 0;
			defaultConfigurationName = Release;
		};
/* End XCConfigurationList section */
	};
	rootObject = 29B97313FDCFA39411CA2CEA /* Project object */;
}
